
Microsoft Visual Studio Solution File, Format Version 12.00
# Visual Studio Version 16
VisualStudioVersion = 16.0.31025.194
MinimumVisualStudioVersion = 10.0.40219.1
Project("{FAE04EC0-301F-11D3-BF4B-00C04F79EFBC}") = "ChessGame2", "ChessGame2\ChessGame2.csproj", "{2682C87E-5010-4A5F-A3CF-BA3E8BE95662}"
EndProject
Global
	GlobalSection(SolutionConfigurationPlatforms) = preSolution
		Debug|Any CPU = Debug|Any CPU
		Release|Any CPU = Release|Any CPU
	EndGlobalSection
	GlobalSection(ProjectConfigurationPlatforms) = postSolution
		{2682C87E-5010-4A5F-A3CF-BA3E8BE95662}.Debug|Any CPU.ActiveCfg = Debug|Any CPU
		{2682C87E-5010-4A5F-A3CF-BA3E8BE95662}.Debug|Any CPU.Build.0 = Debug|Any CPU
		{2682C87E-5010-4A5F-A3CF-BA3E8BE95662}.Release|Any CPU.ActiveCfg = Release|Any CPU
		{2682C87E-5010-4A5F-A3CF-BA3E8BE95662}.Release|Any CPU.Build.0 = Release|Any CPU
	EndGlobalSection
	GlobalSection(SolutionProperties) = preSolution
		HideSolutionNode = FALSE
	EndGlobalSection
	GlobalSection(ExtensibilityGlobals) = postSolution
		SolutionGuid = {C44C447A-7239-429A-AFE6-F2A6DBDB0B38}
	EndGlobalSection
EndGlobal
